
Microsoft Visual Studio Solution File, Format Version 12.00
# Visual Studio Version 16
VisualStudioVersion = 16.0.28803.156
MinimumVisualStudioVersion = 10.0.40219.1
Project("{F184B08F-C81C-45F6-A57F-5ABD9991F28F}") = "Galaxy Towers Launcher", "Galaxy Towers Launcher\Galaxy Towers Launcher.vbproj", "{6F03FEB1-F480-41D0-855E-B43CFB499E41}"
EndProject
Global
	GlobalSection(SolutionConfigurationPlatforms) = preSolution
		Debug|Any CPU = Debug|Any CPU
		Release|Any CPU = Release|Any CPU
	EndGlobalSection
	GlobalSection(ProjectConfigurationPlatforms) = postSolution
		{6F03FEB1-F480-41D0-855E-B43CFB499E41}.Debug|Any CPU.ActiveCfg = Debug|Any CPU
		{6F03FEB1-F480-41D0-855E-B43CFB499E41}.Debug|Any CPU.Build.0 = Debug|Any CPU
		{6F03FEB1-F480-41D0-855E-B43CFB499E41}.Release|Any CPU.ActiveCfg = Release|Any CPU
		{6F03FEB1-F480-41D0-855E-B43CFB499E41}.Release|Any CPU.Build.0 = Release|Any CPU
	EndGlobalSection
	GlobalSection(SolutionProperties) = preSolution
		HideSolutionNode = FALSE
	EndGlobalSection
	GlobalSection(ExtensibilityGlobals) = postSolution
		SolutionGuid = {2798C246-7F1C-4B17-A269-137274C973C2}
	EndGlobalSection
EndGlobal
